// !$*UTF8*$!
{
	archiveVersion = 1;
	classes = {
	};
	objectVersion = 55;
	objects = {

/* Begin PBXBuildFile section */
		9D0F3CDF2C04D00F005A0CAC /* Bushu.swift in Sources */ = {isa = PBXBuildFile; fileRef = 9D0F3CDE2C04D00E005A0CAC /* Bushu.swift */; };
		9D0F3CE12C04D570005A0CAC /* Config.swift in Sources */ = {isa = PBXBuildFile; fileRef = 9D0F3CE02C04D570005A0CAC /* Config.swift */; };
		9D0F3CE52C04DEAC005A0CAC /* BushuTests.swift in Sources */ = {isa = PBXBuildFile; fileRef = 9D0F3CE42C04DEAC005A0CAC /* BushuTests.swift */; };
		9D0F3CE72C04E139005A0CAC /* bushu.dic in Resources */ = {isa = PBXBuildFile; fileRef = 9D0F3CE62C04E139005A0CAC /* bushu.dic */; };
		9D4818DA2C0368DB00906504 /* main.tiff in Resources */ = {isa = PBXBuildFile; fileRef = 9D4818D82C0368DB00906504 /* main.tiff */; };
		9D868A012C05F98700128D48 /* main@2x.tiff in Resources */ = {isa = PBXBuildFile; fileRef = 9D868A002C05F98700128D48 /* main@2x.tiff */; };
		9D8BFEC82C0FA9DA00B99BA2 /* ZenkakuModeTest.swift in Sources */ = {isa = PBXBuildFile; fileRef = 9D8BFEC72C0FA9DA00B99BA2 /* ZenkakuModeTest.swift */; };
		9D8BFECA2C146DF800B99BA2 /* MazegakiSelectionTests.swift in Sources */ = {isa = PBXBuildFile; fileRef = 9D8BFEC92C146DF800B99BA2 /* MazegakiSelectionTests.swift */; };
		9D8BFECC2C15D64F00B99BA2 /* Log.swift in Sources */ = {isa = PBXBuildFile; fileRef = 9D8BFECB2C15D64F00B99BA2 /* Log.swift */; };
		9D8C8DB82C01ACEE003D8A43 /* MacTcodeApp.swift in Sources */ = {isa = PBXBuildFile; fileRef = 9D8C8DB72C01ACEE003D8A43 /* MacTcodeApp.swift */; };
		9D8C8DBF2C01ACF0003D8A43 /* Preview Assets.xcassets in Resources */ = {isa = PBXBuildFile; fileRef = 9D8C8DBE2C01ACF0003D8A43 /* Preview Assets.xcassets */; };
		9D8C8DCA2C01ACF1003D8A43 /* KeymapTests.swift in Sources */ = {isa = PBXBuildFile; fileRef = 9D8C8DC92C01ACF1003D8A43 /* KeymapTests.swift */; };
		9D8C8DD42C01ACF1003D8A43 /* MacTcodeUITests.swift in Sources */ = {isa = PBXBuildFile; fileRef = 9D8C8DD32C01ACF1003D8A43 /* MacTcodeUITests.swift */; };
		9D8C8DD62C01ACF1003D8A43 /* MacTcodeUITestsLaunchTests.swift in Sources */ = {isa = PBXBuildFile; fileRef = 9D8C8DD52C01ACF1003D8A43 /* MacTcodeUITestsLaunchTests.swift */; };
		9D8C8DE52C0338A7003D8A43 /* TcodeInputController.swift in Sources */ = {isa = PBXBuildFile; fileRef = 9D8C8DE42C0338A7003D8A43 /* TcodeInputController.swift */; };
		9D8C8DE72C0338EB003D8A43 /* TcodeKeymap.swift in Sources */ = {isa = PBXBuildFile; fileRef = 9D8C8DE62C0338EB003D8A43 /* TcodeKeymap.swift */; };
		9D8C8DE92C035BBA003D8A43 /* Assets.xcassets in Resources */ = {isa = PBXBuildFile; fileRef = 9D8C8DE82C035BBA003D8A43 /* Assets.xcassets */; };
		9DC8D4962C061E5F00DCB6A2 /* Mazegaki.swift in Sources */ = {isa = PBXBuildFile; fileRef = 9DC8D4952C061E5F00DCB6A2 /* Mazegaki.swift */; };
		9DC8D4982C061F3800DCB6A2 /* mazegaki.dic in Resources */ = {isa = PBXBuildFile; fileRef = 9DC8D4972C061F3800DCB6A2 /* mazegaki.dic */; };
		9DC8D49A2C0632C900DCB6A2 /* MazegakiTests.swift in Sources */ = {isa = PBXBuildFile; fileRef = 9DC8D4992C0632C900DCB6A2 /* MazegakiTests.swift */; };
		9DDFC1662C09982F00BAADB5 /* mainw.tiff in Resources */ = {isa = PBXBuildFile; fileRef = 9DDFC1642C09982F00BAADB5 /* mainw.tiff */; };
		9DDFC1672C09982F00BAADB5 /* mainw@2x.tiff in Resources */ = {isa = PBXBuildFile; fileRef = 9DDFC1652C09982F00BAADB5 /* mainw@2x.tiff */; };
		9DEA6D382C0AC0DA0005BB18 /* Keymap.swift in Sources */ = {isa = PBXBuildFile; fileRef = 9DEA6D372C0AC0DA0005BB18 /* Keymap.swift */; };
		9DEA6D3A2C0AC7F90005BB18 /* Action.swift in Sources */ = {isa = PBXBuildFile; fileRef = 9DEA6D392C0AC7F90005BB18 /* Action.swift */; };
		9DEA6D3E2C0B40320005BB18 /* RecentTextTests.swift in Sources */ = {isa = PBXBuildFile; fileRef = 9DEA6D3D2C0B40320005BB18 /* RecentTextTests.swift */; };
		9DEA6D402C0B6C680005BB18 /* TranslationTests.swift in Sources */ = {isa = PBXBuildFile; fileRef = 9DEA6D3F2C0B6C680005BB18 /* TranslationTests.swift */; };
		9DEA6D422C0B94360005BB18 /* RecentTextClient.swift in Sources */ = {isa = PBXBuildFile; fileRef = 9DEA6D412C0B94360005BB18 /* RecentTextClient.swift */; };
		9DEA6D442C0C0FD10005BB18 /* InputEvent.swift in Sources */ = {isa = PBXBuildFile; fileRef = 9DEA6D432C0C0FD10005BB18 /* InputEvent.swift */; };
		9DEA6D462C0E45950005BB18 /* Client.swift in Sources */ = {isa = PBXBuildFile; fileRef = 9DEA6D452C0E45950005BB18 /* Client.swift */; };
		9DEA6D482C0EB0430005BB18 /* Mode.swift in Sources */ = {isa = PBXBuildFile; fileRef = 9DEA6D472C0EB0430005BB18 /* Mode.swift */; };
		9DEA6D4A2C0F987B0005BB18 /* ZenkakuMode.swift in Sources */ = {isa = PBXBuildFile; fileRef = 9DEA6D492C0F987B0005BB18 /* ZenkakuMode.swift */; };
/* End PBXBuildFile section */

/* Begin PBXContainerItemProxy section */
		9D8C8DC62C01ACF1003D8A43 /* PBXContainerItemProxy */ = {
			isa = PBXContainerItemProxy;
			containerPortal = 9D8C8DAC2C01ACEE003D8A43 /* Project object */;
			proxyType = 1;
			remoteGlobalIDString = 9D8C8DB32C01ACEE003D8A43;
			remoteInfo = MacTcode;
		};
		9D8C8DD02C01ACF1003D8A43 /* PBXContainerItemProxy */ = {
			isa = PBXContainerItemProxy;
			containerPortal = 9D8C8DAC2C01ACEE003D8A43 /* Project object */;
			proxyType = 1;
			remoteGlobalIDString = 9D8C8DB32C01ACEE003D8A43;
			remoteInfo = MacTcode;
		};
/* End PBXContainerItemProxy section */

/* Begin PBXFileReference section */
		9D0F3CDE2C04D00E005A0CAC /* Bushu.swift */ = {isa = PBXFileReference; lastKnownFileType = sourcecode.swift; path = Bushu.swift; sourceTree = "<group>"; };
		9D0F3CE02C04D570005A0CAC /* Config.swift */ = {isa = PBXFileReference; lastKnownFileType = sourcecode.swift; path = Config.swift; sourceTree = "<group>"; };
		9D0F3CE42C04DEAC005A0CAC /* BushuTests.swift */ = {isa = PBXFileReference; lastKnownFileType = sourcecode.swift; path = BushuTests.swift; sourceTree = "<group>"; };
		9D0F3CE62C04E139005A0CAC /* bushu.dic */ = {isa = PBXFileReference; explicitFileType = text; fileEncoding = 4; path = bushu.dic; sourceTree = "<group>"; };
		9D4818D82C0368DB00906504 /* main.tiff */ = {isa = PBXFileReference; lastKnownFileType = image.tiff; path = main.tiff; sourceTree = "<group>"; };
		9D6BA6A82C462793007524AC /* InputMethodKit.framework */ = {isa = PBXFileReference; lastKnownFileType = wrapper.framework; name = InputMethodKit.framework; path = System/Library/Frameworks/InputMethodKit.framework; sourceTree = SDKROOT; };
		9D6BA6AA2C46279A007524AC /* Cocoa.framework */ = {isa = PBXFileReference; lastKnownFileType = wrapper.framework; name = Cocoa.framework; path = System/Library/Frameworks/Cocoa.framework; sourceTree = SDKROOT; };
		9D868A002C05F98700128D48 /* main@2x.tiff */ = {isa = PBXFileReference; lastKnownFileType = image.tiff; path = "main@2x.tiff"; sourceTree = "<group>"; };
		9D8BFEC72C0FA9DA00B99BA2 /* ZenkakuModeTest.swift */ = {isa = PBXFileReference; lastKnownFileType = sourcecode.swift; path = ZenkakuModeTest.swift; sourceTree = "<group>"; };
		9D8BFEC92C146DF800B99BA2 /* MazegakiSelectionTests.swift */ = {isa = PBXFileReference; lastKnownFileType = sourcecode.swift; path = MazegakiSelectionTests.swift; sourceTree = "<group>"; };
		9D8BFECB2C15D64F00B99BA2 /* Log.swift */ = {isa = PBXFileReference; lastKnownFileType = sourcecode.swift; path = Log.swift; sourceTree = "<group>"; };
		9D8C8DB42C01ACEE003D8A43 /* MacTcode.app */ = {isa = PBXFileReference; explicitFileType = wrapper.application; includeInIndex = 0; path = MacTcode.app; sourceTree = BUILT_PRODUCTS_DIR; };
		9D8C8DB72C01ACEE003D8A43 /* MacTcodeApp.swift */ = {isa = PBXFileReference; lastKnownFileType = sourcecode.swift; path = MacTcodeApp.swift; sourceTree = "<group>"; };
		9D8C8DBE2C01ACF0003D8A43 /* Preview Assets.xcassets */ = {isa = PBXFileReference; lastKnownFileType = folder.assetcatalog; path = "Preview Assets.xcassets"; sourceTree = "<group>"; };
		9D8C8DC02C01ACF0003D8A43 /* MacTcode.entitlements */ = {isa = PBXFileReference; lastKnownFileType = text.plist.entitlements; path = MacTcode.entitlements; sourceTree = "<group>"; };
		9D8C8DC52C01ACF1003D8A43 /* MacTcodeTests.xctest */ = {isa = PBXFileReference; explicitFileType = wrapper.cfbundle; includeInIndex = 0; path = MacTcodeTests.xctest; sourceTree = BUILT_PRODUCTS_DIR; };
		9D8C8DC92C01ACF1003D8A43 /* KeymapTests.swift */ = {isa = PBXFileReference; lastKnownFileType = sourcecode.swift; path = KeymapTests.swift; sourceTree = "<group>"; };
		9D8C8DCF2C01ACF1003D8A43 /* MacTcodeUITests.xctest */ = {isa = PBXFileReference; explicitFileType = wrapper.cfbundle; includeInIndex = 0; path = MacTcodeUITests.xctest; sourceTree = BUILT_PRODUCTS_DIR; };
		9D8C8DD32C01ACF1003D8A43 /* MacTcodeUITests.swift */ = {isa = PBXFileReference; lastKnownFileType = sourcecode.swift; path = MacTcodeUITests.swift; sourceTree = "<group>"; };
		9D8C8DD52C01ACF1003D8A43 /* MacTcodeUITestsLaunchTests.swift */ = {isa = PBXFileReference; lastKnownFileType = sourcecode.swift; path = MacTcodeUITestsLaunchTests.swift; sourceTree = "<group>"; };
		9D8C8DE22C01ADA9003D8A43 /* Info.plist */ = {isa = PBXFileReference; lastKnownFileType = text.plist.xml; path = Info.plist; sourceTree = "<group>"; };
		9D8C8DE42C0338A7003D8A43 /* TcodeInputController.swift */ = {isa = PBXFileReference; lastKnownFileType = sourcecode.swift; path = TcodeInputController.swift; sourceTree = "<group>"; };
		9D8C8DE62C0338EB003D8A43 /* TcodeKeymap.swift */ = {isa = PBXFileReference; lastKnownFileType = sourcecode.swift; path = TcodeKeymap.swift; sourceTree = "<group>"; };
		9D8C8DE82C035BBA003D8A43 /* Assets.xcassets */ = {isa = PBXFileReference; lastKnownFileType = folder.assetcatalog; path = Assets.xcassets; sourceTree = "<group>"; };
		9DC8D4952C061E5F00DCB6A2 /* Mazegaki.swift */ = {isa = PBXFileReference; lastKnownFileType = sourcecode.swift; path = Mazegaki.swift; sourceTree = "<group>"; };
		9DC8D4972C061F3800DCB6A2 /* mazegaki.dic */ = {isa = PBXFileReference; fileEncoding = 4; lastKnownFileType = text; path = mazegaki.dic; sourceTree = "<group>"; };
		9DC8D4992C0632C900DCB6A2 /* MazegakiTests.swift */ = {isa = PBXFileReference; lastKnownFileType = sourcecode.swift; path = MazegakiTests.swift; sourceTree = "<group>"; };
		9DDFC1642C09982F00BAADB5 /* mainw.tiff */ = {isa = PBXFileReference; lastKnownFileType = image.tiff; path = mainw.tiff; sourceTree = "<group>"; };
		9DDFC1652C09982F00BAADB5 /* mainw@2x.tiff */ = {isa = PBXFileReference; lastKnownFileType = image.tiff; path = "mainw@2x.tiff"; sourceTree = "<group>"; };
		9DEA6D372C0AC0DA0005BB18 /* Keymap.swift */ = {isa = PBXFileReference; lastKnownFileType = sourcecode.swift; path = Keymap.swift; sourceTree = "<group>"; };
		9DEA6D392C0AC7F90005BB18 /* Action.swift */ = {isa = PBXFileReference; lastKnownFileType = sourcecode.swift; path = Action.swift; sourceTree = "<group>"; };
		9DEA6D3D2C0B40320005BB18 /* RecentTextTests.swift */ = {isa = PBXFileReference; lastKnownFileType = sourcecode.swift; path = RecentTextTests.swift; sourceTree = "<group>"; };
		9DEA6D3F2C0B6C680005BB18 /* TranslationTests.swift */ = {isa = PBXFileReference; lastKnownFileType = sourcecode.swift; path = TranslationTests.swift; sourceTree = "<group>"; };
		9DEA6D412C0B94360005BB18 /* RecentTextClient.swift */ = {isa = PBXFileReference; lastKnownFileType = sourcecode.swift; path = RecentTextClient.swift; sourceTree = "<group>"; };
		9DEA6D432C0C0FD10005BB18 /* InputEvent.swift */ = {isa = PBXFileReference; lastKnownFileType = sourcecode.swift; path = InputEvent.swift; sourceTree = "<group>"; };
		9DEA6D452C0E45950005BB18 /* Client.swift */ = {isa = PBXFileReference; lastKnownFileType = sourcecode.swift; path = Client.swift; sourceTree = "<group>"; };
		9DEA6D472C0EB0430005BB18 /* Mode.swift */ = {isa = PBXFileReference; lastKnownFileType = sourcecode.swift; path = Mode.swift; sourceTree = "<group>"; };
		9DEA6D492C0F987B0005BB18 /* ZenkakuMode.swift */ = {isa = PBXFileReference; lastKnownFileType = sourcecode.swift; path = ZenkakuMode.swift; sourceTree = "<group>"; };
/* End PBXFileReference section */

/* Begin PBXFrameworksBuildPhase section */
		9D8C8DB12C01ACEE003D8A43 /* Frameworks */ = {
			isa = PBXFrameworksBuildPhase;
			buildActionMask = 2147483647;
			files = (
			);
			runOnlyForDeploymentPostprocessing = 0;
		};
		9D8C8DC22C01ACF1003D8A43 /* Frameworks */ = {
			isa = PBXFrameworksBuildPhase;
			buildActionMask = 2147483647;
			files = (
			);
			runOnlyForDeploymentPostprocessing = 0;
		};
		9D8C8DCC2C01ACF1003D8A43 /* Frameworks */ = {
			isa = PBXFrameworksBuildPhase;
			buildActionMask = 2147483647;
			files = (
			);
			runOnlyForDeploymentPostprocessing = 0;
		};
/* End PBXFrameworksBuildPhase section */

/* Begin PBXGroup section */
		9D6BA6A72C462793007524AC /* Frameworks */ = {
			isa = PBXGroup;
			children = (
				9D6BA6AA2C46279A007524AC /* Cocoa.framework */,
				9D6BA6A82C462793007524AC /* InputMethodKit.framework */,
			);
			name = Frameworks;
			sourceTree = "<group>";
		};
		9D8C8DAB2C01ACEE003D8A43 = {
			isa = PBXGroup;
			children = (
				9D8C8DB62C01ACEE003D8A43 /* MacTcode */,
				9D8C8DC82C01ACF1003D8A43 /* MacTcodeTests */,
				9D8C8DD22C01ACF1003D8A43 /* MacTcodeUITests */,
				9D8C8DB52C01ACEE003D8A43 /* Products */,
				9D6BA6A72C462793007524AC /* Frameworks */,
			);
			sourceTree = "<group>";
		};
		9D8C8DB52C01ACEE003D8A43 /* Products */ = {
			isa = PBXGroup;
			children = (
				9D8C8DB42C01ACEE003D8A43 /* MacTcode.app */,
				9D8C8DC52C01ACF1003D8A43 /* MacTcodeTests.xctest */,
				9D8C8DCF2C01ACF1003D8A43 /* MacTcodeUITests.xctest */,
			);
			name = Products;
			sourceTree = "<group>";
		};
		9D8C8DB62C01ACEE003D8A43 /* MacTcode */ = {
			isa = PBXGroup;
			children = (
				9DDFC1642C09982F00BAADB5 /* mainw.tiff */,
				9DDFC1652C09982F00BAADB5 /* mainw@2x.tiff */,
				9DC8D4972C061F3800DCB6A2 /* mazegaki.dic */,
				9D8C8DB72C01ACEE003D8A43 /* MacTcodeApp.swift */,
				9D8C8DE42C0338A7003D8A43 /* TcodeInputController.swift */,
				9D8BFECB2C15D64F00B99BA2 /* Log.swift */,
				9DEA6D472C0EB0430005BB18 /* Mode.swift */,
				9DEA6D492C0F987B0005BB18 /* ZenkakuMode.swift */,
				9D0F3CDE2C04D00E005A0CAC /* Bushu.swift */,
				9D0F3CE02C04D570005A0CAC /* Config.swift */,
				9DC8D4952C061E5F00DCB6A2 /* Mazegaki.swift */,
				9D8C8DC02C01ACF0003D8A43 /* MacTcode.entitlements */,
				9D8C8DE82C035BBA003D8A43 /* Assets.xcassets */,
				9D868A002C05F98700128D48 /* main@2x.tiff */,
				9D0F3CE62C04E139005A0CAC /* bushu.dic */,
				9D8C8DE22C01ADA9003D8A43 /* Info.plist */,
				9D4818D82C0368DB00906504 /* main.tiff */,
				9D8C8DBD2C01ACF0003D8A43 /* Preview Content */,
				9DEA6D372C0AC0DA0005BB18 /* Keymap.swift */,
				9D8C8DE62C0338EB003D8A43 /* TcodeKeymap.swift */,
				9DEA6D392C0AC7F90005BB18 /* Action.swift */,
				9DEA6D412C0B94360005BB18 /* RecentTextClient.swift */,
				9DEA6D432C0C0FD10005BB18 /* InputEvent.swift */,
				9DEA6D452C0E45950005BB18 /* Client.swift */,
			);
			path = MacTcode;
			sourceTree = "<group>";
		};
		9D8C8DBD2C01ACF0003D8A43 /* Preview Content */ = {
			isa = PBXGroup;
			children = (
				9D8C8DBE2C01ACF0003D8A43 /* Preview Assets.xcassets */,
			);
			path = "Preview Content";
			sourceTree = "<group>";
		};
		9D8C8DC82C01ACF1003D8A43 /* MacTcodeTests */ = {
			isa = PBXGroup;
			children = (
				9D8C8DC92C01ACF1003D8A43 /* KeymapTests.swift */,
				9D0F3CE42C04DEAC005A0CAC /* BushuTests.swift */,
				9DC8D4992C0632C900DCB6A2 /* MazegakiTests.swift */,
				9DEA6D3D2C0B40320005BB18 /* RecentTextTests.swift */,
				9DEA6D3F2C0B6C680005BB18 /* TranslationTests.swift */,
				9D8BFEC72C0FA9DA00B99BA2 /* ZenkakuModeTest.swift */,
				9D8BFEC92C146DF800B99BA2 /* MazegakiSelectionTests.swift */,
			);
			path = MacTcodeTests;
			sourceTree = "<group>";
		};
		9D8C8DD22C01ACF1003D8A43 /* MacTcodeUITests */ = {
			isa = PBXGroup;
			children = (
				9D8C8DD32C01ACF1003D8A43 /* MacTcodeUITests.swift */,
				9D8C8DD52C01ACF1003D8A43 /* MacTcodeUITestsLaunchTests.swift */,
			);
			path = MacTcodeUITests;
			sourceTree = "<group>";
		};
/* End PBXGroup section */

/* Begin PBXNativeTarget section */
		9D8C8DB32C01ACEE003D8A43 /* MacTcode */ = {
			isa = PBXNativeTarget;
			buildConfigurationList = 9D8C8DD92C01ACF1003D8A43 /* Build configuration list for PBXNativeTarget "MacTcode" */;
			buildPhases = (
				9D8C8DB02C01ACEE003D8A43 /* Sources */,
				9D8C8DB12C01ACEE003D8A43 /* Frameworks */,
				9D8C8DB22C01ACEE003D8A43 /* Resources */,
			);
			buildRules = (
			);
			dependencies = (
			);
			name = MacTcode;
			productName = MacTcode;
			productReference = 9D8C8DB42C01ACEE003D8A43 /* MacTcode.app */;
			productType = "com.apple.product-type.application";
		};
		9D8C8DC42C01ACF1003D8A43 /* MacTcodeTests */ = {
			isa = PBXNativeTarget;
			buildConfigurationList = 9D8C8DDC2C01ACF1003D8A43 /* Build configuration list for PBXNativeTarget "MacTcodeTests" */;
			buildPhases = (
				9D8C8DC12C01ACF1003D8A43 /* Sources */,
				9D8C8DC22C01ACF1003D8A43 /* Frameworks */,
				9D8C8DC32C01ACF1003D8A43 /* Resources */,
			);
			buildRules = (
			);
			dependencies = (
				9D8C8DC72C01ACF1003D8A43 /* PBXTargetDependency */,
			);
			name = MacTcodeTests;
			productName = MacTcodeTests;
			productReference = 9D8C8DC52C01ACF1003D8A43 /* MacTcodeTests.xctest */;
			productType = "com.apple.product-type.bundle.unit-test";
		};
		9D8C8DCE2C01ACF1003D8A43 /* MacTcodeUITests */ = {
			isa = PBXNativeTarget;
			buildConfigurationList = 9D8C8DDF2C01ACF1003D8A43 /* Build configuration list for PBXNativeTarget "MacTcodeUITests" */;
			buildPhases = (
				9D8C8DCB2C01ACF1003D8A43 /* Sources */,
				9D8C8DCC2C01ACF1003D8A43 /* Frameworks */,
				9D8C8DCD2C01ACF1003D8A43 /* Resources */,
			);
			buildRules = (
			);
			dependencies = (
				9D8C8DD12C01ACF1003D8A43 /* PBXTargetDependency */,
			);
			name = MacTcodeUITests;
			productName = MacTcodeUITests;
			productReference = 9D8C8DCF2C01ACF1003D8A43 /* MacTcodeUITests.xctest */;
			productType = "com.apple.product-type.bundle.ui-testing";
		};
/* End PBXNativeTarget section */

/* Begin PBXProject section */
		9D8C8DAC2C01ACEE003D8A43 /* Project object */ = {
			isa = PBXProject;
			attributes = {
				BuildIndependentTargetsInParallel = 1;
				LastSwiftUpdateCheck = 1540;
				LastUpgradeCheck = 1540;
				TargetAttributes = {
					9D8C8DB32C01ACEE003D8A43 = {
						CreatedOnToolsVersion = 15.4;
					};
					9D8C8DC42C01ACF1003D8A43 = {
						CreatedOnToolsVersion = 15.4;
						TestTargetID = 9D8C8DB32C01ACEE003D8A43;
					};
					9D8C8DCE2C01ACF1003D8A43 = {
						CreatedOnToolsVersion = 15.4;
						TestTargetID = 9D8C8DB32C01ACEE003D8A43;
					};
				};
			};
			buildConfigurationList = 9D8C8DAF2C01ACEE003D8A43 /* Build configuration list for PBXProject "MacTcode" */;
			compatibilityVersion = "Xcode 13.0";
			developmentRegion = en;
			hasScannedForEncodings = 0;
			knownRegions = (
				en,
				Base,
			);
			mainGroup = 9D8C8DAB2C01ACEE003D8A43;
			productRefGroup = 9D8C8DB52C01ACEE003D8A43 /* Products */;
			projectDirPath = "";
			projectRoot = "";
			targets = (
				9D8C8DB32C01ACEE003D8A43 /* MacTcode */,
				9D8C8DC42C01ACF1003D8A43 /* MacTcodeTests */,
				9D8C8DCE2C01ACF1003D8A43 /* MacTcodeUITests */,
			);
		};
/* End PBXProject section */

/* Begin PBXResourcesBuildPhase section */
		9D8C8DB22C01ACEE003D8A43 /* Resources */ = {
			isa = PBXResourcesBuildPhase;
			buildActionMask = 2147483647;
			files = (
				9D8C8DBF2C01ACF0003D8A43 /* Preview Assets.xcassets in Resources */,
				9DDFC1662C09982F00BAADB5 /* mainw.tiff in Resources */,
				9DDFC1672C09982F00BAADB5 /* mainw@2x.tiff in Resources */,
				9DC8D4982C061F3800DCB6A2 /* mazegaki.dic in Resources */,
				9D868A012C05F98700128D48 /* main@2x.tiff in Resources */,
				9D4818DA2C0368DB00906504 /* main.tiff in Resources */,
				9D0F3CE72C04E139005A0CAC /* bushu.dic in Resources */,
				9D8C8DE92C035BBA003D8A43 /* Assets.xcassets in Resources */,
			);
			runOnlyForDeploymentPostprocessing = 0;
		};
		9D8C8DC32C01ACF1003D8A43 /* Resources */ = {
			isa = PBXResourcesBuildPhase;
			buildActionMask = 2147483647;
			files = (
			);
			runOnlyForDeploymentPostprocessing = 0;
		};
		9D8C8DCD2C01ACF1003D8A43 /* Resources */ = {
			isa = PBXResourcesBuildPhase;
			buildActionMask = 2147483647;
			files = (
			);
			runOnlyForDeploymentPostprocessing = 0;
		};
/* End PBXResourcesBuildPhase section */

/* Begin PBXSourcesBuildPhase section */
		9D8C8DB02C01ACEE003D8A43 /* Sources */ = {
			isa = PBXSourcesBuildPhase;
			buildActionMask = 2147483647;
			files = (
				9DC8D4962C061E5F00DCB6A2 /* Mazegaki.swift in Sources */,
				9DEA6D422C0B94360005BB18 /* RecentTextClient.swift in Sources */,
				9DEA6D482C0EB0430005BB18 /* Mode.swift in Sources */,
				9DEA6D442C0C0FD10005BB18 /* InputEvent.swift in Sources */,
				9D8C8DB82C01ACEE003D8A43 /* MacTcodeApp.swift in Sources */,
				9DEA6D462C0E45950005BB18 /* Client.swift in Sources */,
				9D0F3CDF2C04D00F005A0CAC /* Bushu.swift in Sources */,
				9D0F3CE12C04D570005A0CAC /* Config.swift in Sources */,
				9D8BFECC2C15D64F00B99BA2 /* Log.swift in Sources */,
				9DEA6D382C0AC0DA0005BB18 /* Keymap.swift in Sources */,
				9DEA6D3A2C0AC7F90005BB18 /* Action.swift in Sources */,
				9D8C8DE72C0338EB003D8A43 /* TcodeKeymap.swift in Sources */,
				9DEA6D4A2C0F987B0005BB18 /* ZenkakuMode.swift in Sources */,
				9D8C8DE52C0338A7003D8A43 /* TcodeInputController.swift in Sources */,
			);
			runOnlyForDeploymentPostprocessing = 0;
		};
		9D8C8DC12C01ACF1003D8A43 /* Sources */ = {
			isa = PBXSourcesBuildPhase;
			buildActionMask = 2147483647;
			files = (
				9D8C8DCA2C01ACF1003D8A43 /* KeymapTests.swift in Sources */,
				9DEA6D3E2C0B40320005BB18 /* RecentTextTests.swift in Sources */,
				9DEA6D402C0B6C680005BB18 /* TranslationTests.swift in Sources */,
				9DC8D49A2C0632C900DCB6A2 /* MazegakiTests.swift in Sources */,
				9D8BFEC82C0FA9DA00B99BA2 /* ZenkakuModeTest.swift in Sources */,
				9D0F3CE52C04DEAC005A0CAC /* BushuTests.swift in Sources */,
				9D8BFECA2C146DF800B99BA2 /* MazegakiSelectionTests.swift in Sources */,
			);
			runOnlyForDeploymentPostprocessing = 0;
		};
		9D8C8DCB2C01ACF1003D8A43 /* Sources */ = {
			isa = PBXSourcesBuildPhase;
			buildActionMask = 2147483647;
			files = (
				9D8C8DD62C01ACF1003D8A43 /* MacTcodeUITestsLaunchTests.swift in Sources */,
				9D8C8DD42C01ACF1003D8A43 /* MacTcodeUITests.swift in Sources */,
			);
			runOnlyForDeploymentPostprocessing = 0;
		};
/* End PBXSourcesBuildPhase section */

/* Begin PBXTargetDependency section */
		9D8C8DC72C01ACF1003D8A43 /* PBXTargetDependency */ = {
			isa = PBXTargetDependency;
			target = 9D8C8DB32C01ACEE003D8A43 /* MacTcode */;
			targetProxy = 9D8C8DC62C01ACF1003D8A43 /* PBXContainerItemProxy */;
		};
		9D8C8DD12C01ACF1003D8A43 /* PBXTargetDependency */ = {
			isa = PBXTargetDependency;
			target = 9D8C8DB32C01ACEE003D8A43 /* MacTcode */;
			targetProxy = 9D8C8DD02C01ACF1003D8A43 /* PBXContainerItemProxy */;
		};
/* End PBXTargetDependency section */

/* Begin XCBuildConfiguration section */
		9D8C8DD72C01ACF1003D8A43 /* Debug */ = {
			isa = XCBuildConfiguration;
			buildSettings = {
				ALWAYS_SEARCH_USER_PATHS = NO;
				ASSETCATALOG_COMPILER_GENERATE_SWIFT_ASSET_SYMBOL_EXTENSIONS = YES;
				CLANG_ANALYZER_NONNULL = YES;
				CLANG_ANALYZER_NUMBER_OBJECT_CONVERSION = YES_AGGRESSIVE;
				CLANG_CXX_LANGUAGE_STANDARD = "gnu++20";
				CLANG_ENABLE_MODULES = YES;
				CLANG_ENABLE_OBJC_ARC = YES;
				CLANG_ENABLE_OBJC_WEAK = YES;
				CLANG_WARN_BLOCK_CAPTURE_AUTORELEASING = YES;
				CLANG_WARN_BOOL_CONVERSION = YES;
				CLANG_WARN_COMMA = YES;
				CLANG_WARN_CONSTANT_CONVERSION = YES;
				CLANG_WARN_DEPRECATED_OBJC_IMPLEMENTATIONS = YES;
				CLANG_WARN_DIRECT_OBJC_ISA_USAGE = YES_ERROR;
				CLANG_WARN_DOCUMENTATION_COMMENTS = YES;
				CLANG_WARN_EMPTY_BODY = YES;
				CLANG_WARN_ENUM_CONVERSION = YES;
				CLANG_WARN_INFINITE_RECURSION = YES;
				CLANG_WARN_INT_CONVERSION = YES;
				CLANG_WARN_NON_LITERAL_NULL_CONVERSION = YES;
				CLANG_WARN_OBJC_IMPLICIT_RETAIN_SELF = YES;
				CLANG_WARN_OBJC_LITERAL_CONVERSION = YES;
				CLANG_WARN_OBJC_ROOT_CLASS = YES_ERROR;
				CLANG_WARN_QUOTED_INCLUDE_IN_FRAMEWORK_HEADER = YES;
				CLANG_WARN_RANGE_LOOP_ANALYSIS = YES;
				CLANG_WARN_STRICT_PROTOTYPES = YES;
				CLANG_WARN_SUSPICIOUS_MOVE = YES;
				CLANG_WARN_UNGUARDED_AVAILABILITY = YES_AGGRESSIVE;
				CLANG_WARN_UNREACHABLE_CODE = YES;
				CLANG_WARN__DUPLICATE_METHOD_MATCH = YES;
				COPY_PHASE_STRIP = NO;
				DEBUG_INFORMATION_FORMAT = dwarf;
				ENABLE_STRICT_OBJC_MSGSEND = YES;
				ENABLE_TESTABILITY = YES;
				ENABLE_USER_SCRIPT_SANDBOXING = YES;
				GCC_C_LANGUAGE_STANDARD = gnu17;
				GCC_DYNAMIC_NO_PIC = NO;
				GCC_NO_COMMON_BLOCKS = YES;
				GCC_OPTIMIZATION_LEVEL = 0;
				GCC_PREPROCESSOR_DEFINITIONS = (
					"DEBUG=1",
					"$(inherited)",
				);
				GCC_WARN_64_TO_32_BIT_CONVERSION = YES;
				GCC_WARN_ABOUT_RETURN_TYPE = YES_ERROR;
				GCC_WARN_UNDECLARED_SELECTOR = YES;
				GCC_WARN_UNINITIALIZED_AUTOS = YES_AGGRESSIVE;
				GCC_WARN_UNUSED_FUNCTION = YES;
				GCC_WARN_UNUSED_VARIABLE = YES;
				LOCALIZATION_PREFERS_STRING_CATALOGS = YES;
				MACOSX_DEPLOYMENT_TARGET = 14.5;
				MTL_ENABLE_DEBUG_INFO = INCLUDE_SOURCE;
				MTL_FAST_MATH = YES;
				ONLY_ACTIVE_ARCH = YES;
				SDKROOT = macosx;
				SWIFT_ACTIVE_COMPILATION_CONDITIONS = "DEBUG $(inherited)";
				SWIFT_OPTIMIZATION_LEVEL = "-Onone";
			};
			name = Debug;
		};
		9D8C8DD82C01ACF1003D8A43 /* Release */ = {
			isa = XCBuildConfiguration;
			buildSettings = {
				ALWAYS_SEARCH_USER_PATHS = NO;
				ASSETCATALOG_COMPILER_GENERATE_SWIFT_ASSET_SYMBOL_EXTENSIONS = YES;
				CLANG_ANALYZER_NONNULL = YES;
				CLANG_ANALYZER_NUMBER_OBJECT_CONVERSION = YES_AGGRESSIVE;
				CLANG_CXX_LANGUAGE_STANDARD = "gnu++20";
				CLANG_ENABLE_MODULES = YES;
				CLANG_ENABLE_OBJC_ARC = YES;
				CLANG_ENABLE_OBJC_WEAK = YES;
				CLANG_WARN_BLOCK_CAPTURE_AUTORELEASING = YES;
				CLANG_WARN_BOOL_CONVERSION = YES;
				CLANG_WARN_COMMA = YES;
				CLANG_WARN_CONSTANT_CONVERSION = YES;
				CLANG_WARN_DEPRECATED_OBJC_IMPLEMENTATIONS = YES;
				CLANG_WARN_DIRECT_OBJC_ISA_USAGE = YES_ERROR;
				CLANG_WARN_DOCUMENTATION_COMMENTS = YES;
				CLANG_WARN_EMPTY_BODY = YES;
				CLANG_WARN_ENUM_CONVERSION = YES;
				CLANG_WARN_INFINITE_RECURSION = YES;
				CLANG_WARN_INT_CONVERSION = YES;
				CLANG_WARN_NON_LITERAL_NULL_CONVERSION = YES;
				CLANG_WARN_OBJC_IMPLICIT_RETAIN_SELF = YES;
				CLANG_WARN_OBJC_LITERAL_CONVERSION = YES;
				CLANG_WARN_OBJC_ROOT_CLASS = YES_ERROR;
				CLANG_WARN_QUOTED_INCLUDE_IN_FRAMEWORK_HEADER = YES;
				CLANG_WARN_RANGE_LOOP_ANALYSIS = YES;
				CLANG_WARN_STRICT_PROTOTYPES = YES;
				CLANG_WARN_SUSPICIOUS_MOVE = YES;
				CLANG_WARN_UNGUARDED_AVAILABILITY = YES_AGGRESSIVE;
				CLANG_WARN_UNREACHABLE_CODE = YES;
				CLANG_WARN__DUPLICATE_METHOD_MATCH = YES;
				COPY_PHASE_STRIP = NO;
				DEBUG_INFORMATION_FORMAT = "dwarf-with-dsym";
				ENABLE_NS_ASSERTIONS = NO;
				ENABLE_STRICT_OBJC_MSGSEND = YES;
				ENABLE_USER_SCRIPT_SANDBOXING = YES;
				GCC_C_LANGUAGE_STANDARD = gnu17;
				GCC_NO_COMMON_BLOCKS = YES;
				GCC_WARN_64_TO_32_BIT_CONVERSION = YES;
				GCC_WARN_ABOUT_RETURN_TYPE = YES_ERROR;
				GCC_WARN_UNDECLARED_SELECTOR = YES;
				GCC_WARN_UNINITIALIZED_AUTOS = YES_AGGRESSIVE;
				GCC_WARN_UNUSED_FUNCTION = YES;
				GCC_WARN_UNUSED_VARIABLE = YES;
				LOCALIZATION_PREFERS_STRING_CATALOGS = YES;
				MACOSX_DEPLOYMENT_TARGET = 14.5;
				MTL_ENABLE_DEBUG_INFO = NO;
				MTL_FAST_MATH = YES;
				SDKROOT = macosx;
				SWIFT_COMPILATION_MODE = wholemodule;
			};
			name = Release;
		};
		9D8C8DDA2C01ACF1003D8A43 /* Debug */ = {
			isa = XCBuildConfiguration;
			buildSettings = {
				ASSETCATALOG_COMPILER_APPICON_NAME = AppIcon;
				ASSETCATALOG_COMPILER_GLOBAL_ACCENT_COLOR_NAME = AccentColor;
				ASSETCATALOG_COMPILER_INCLUDE_ALL_APPICON_ASSETS = YES;
				CODE_SIGN_ENTITLEMENTS = MacTcode/MacTcode.entitlements;
				"CODE_SIGN_IDENTITY[sdk=macosx*]" = "Apple Development";
				CODE_SIGN_STYLE = Automatic;
				COMBINE_HIDPI_IMAGES = YES;
				CURRENT_PROJECT_VERSION = 1;
				DEVELOPMENT_ASSET_PATHS = "\"MacTcode/Preview Content\"";
				DEVELOPMENT_TEAM = 8H7RHH924X;
				ENABLE_HARDENED_RUNTIME = YES;
				ENABLE_PREVIEWS = YES;
				GENERATE_INFOPLIST_FILE = YES;
				INFOPLIST_FILE = MacTcode/Info.plist;
				INFOPLIST_KEY_CFBundleDisplayName = MacTcode;
				INFOPLIST_KEY_LSApplicationCategoryType = "public.app-category.utilities";
				INFOPLIST_KEY_LSBackgroundOnly = YES;
				INFOPLIST_KEY_NSHumanReadableCopyright = "Copyright (c) 2024 Kaoru Maeda";
				INFOPLIST_KEY_NSPrincipalClass = MacTcode.NSManualApplication;
				LD_RUNPATH_SEARCH_PATHS = (
					"$(inherited)",
					"@executable_path/../Frameworks",
				);
				MACOSX_DEPLOYMENT_TARGET = 11.0;
				MARKETING_VERSION = 0.8.2;
				ONLY_ACTIVE_ARCH = NO;
				PRODUCT_BUNDLE_IDENTIFIER = "jp.mad-p.inputmethod.MacTcode";
				PRODUCT_NAME = "$(TARGET_NAME)";
				"SWIFT_ACTIVE_COMPILATION_CONDITIONS[arch=*]" = ENABLE_NSLOG;
				SWIFT_EMIT_LOC_STRINGS = YES;
				SWIFT_VERSION = 5.0;
			};
			name = Debug;
		};
		9D8C8DDB2C01ACF1003D8A43 /* Release */ = {
			isa = XCBuildConfiguration;
			buildSettings = {
				ASSETCATALOG_COMPILER_APPICON_NAME = AppIcon;
				ASSETCATALOG_COMPILER_GLOBAL_ACCENT_COLOR_NAME = AccentColor;
				ASSETCATALOG_COMPILER_INCLUDE_ALL_APPICON_ASSETS = YES;
				CODE_SIGN_ENTITLEMENTS = MacTcode/MacTcode.entitlements;
				"CODE_SIGN_IDENTITY[sdk=macosx*]" = "Apple Development";
				CODE_SIGN_STYLE = Automatic;
				COMBINE_HIDPI_IMAGES = YES;
				CURRENT_PROJECT_VERSION = 1;
				DEVELOPMENT_ASSET_PATHS = "\"MacTcode/Preview Content\"";
				DEVELOPMENT_TEAM = 8H7RHH924X;
				ENABLE_HARDENED_RUNTIME = YES;
				ENABLE_PREVIEWS = YES;
				GENERATE_INFOPLIST_FILE = YES;
				INFOPLIST_FILE = MacTcode/Info.plist;
				INFOPLIST_KEY_CFBundleDisplayName = MacTcode;
				INFOPLIST_KEY_LSApplicationCategoryType = "public.app-category.utilities";
				INFOPLIST_KEY_LSBackgroundOnly = YES;
				INFOPLIST_KEY_NSHumanReadableCopyright = "Copyright (c) 2024 Kaoru Maeda";
				INFOPLIST_KEY_NSPrincipalClass = MacTcode.NSManualApplication;
				LD_RUNPATH_SEARCH_PATHS = (
					"$(inherited)",
					"@executable_path/../Frameworks",
				);
				MACOSX_DEPLOYMENT_TARGET = 11.0;
				MARKETING_VERSION = 0.8.2;
				PRODUCT_BUNDLE_IDENTIFIER = "jp.mad-p.inputmethod.MacTcode";
				PRODUCT_NAME = "$(TARGET_NAME)";
				SWIFT_EMIT_LOC_STRINGS = YES;
				SWIFT_VERSION = 5.0;
			};
			name = Release;
		};
		9D8C8DDD2C01ACF1003D8A43 /* Debug */ = {
			isa = XCBuildConfiguration;
			buildSettings = {
				ALWAYS_EMBED_SWIFT_STANDARD_LIBRARIES = YES;
				BUNDLE_LOADER = "$(TEST_HOST)";
				CODE_SIGN_STYLE = Automatic;
				CURRENT_PROJECT_VERSION = 1;
				DEVELOPMENT_TEAM = 8H7RHH924X;
				GENERATE_INFOPLIST_FILE = YES;
				MACOSX_DEPLOYMENT_TARGET = 14.5;
				MARKETING_VERSION = 1.0;
				PRODUCT_BUNDLE_IDENTIFIER = "io.github.mad-p.MacTcodeTests";
				PRODUCT_NAME = "$(TARGET_NAME)";
				SWIFT_EMIT_LOC_STRINGS = NO;
				SWIFT_VERSION = 5.0;
				TEST_HOST = "$(BUILT_PRODUCTS_DIR)/MacTcode.app/$(BUNDLE_EXECUTABLE_FOLDER_PATH)/MacTcode";
			};
			name = Debug;
		};
		9D8C8DDE2C01ACF1003D8A43 /* Release */ = {
			isa = XCBuildConfiguration;
			buildSettings = {
				ALWAYS_EMBED_SWIFT_STANDARD_LIBRARIES = YES;
				BUNDLE_LOADER = "$(TEST_HOST)";
				CODE_SIGN_STYLE = Automatic;
				CURRENT_PROJECT_VERSION = 1;
				DEVELOPMENT_TEAM = 8H7RHH924X;
				GENERATE_INFOPLIST_FILE = YES;
				MACOSX_DEPLOYMENT_TARGET = 14.5;
				MARKETING_VERSION = 1.0;
				PRODUCT_BUNDLE_IDENTIFIER = "io.github.mad-p.MacTcodeTests";
				PRODUCT_NAME = "$(TARGET_NAME)";
				SWIFT_EMIT_LOC_STRINGS = NO;
				SWIFT_VERSION = 5.0;
				TEST_HOST = "$(BUILT_PRODUCTS_DIR)/MacTcode.app/$(BUNDLE_EXECUTABLE_FOLDER_PATH)/MacTcode";
			};
			name = Release;
		};
		9D8C8DE02C01ACF1003D8A43 /* Debug */ = {
			isa = XCBuildConfiguration;
			buildSettings = {
				ALWAYS_EMBED_SWIFT_STANDARD_LIBRARIES = YES;
				CODE_SIGN_STYLE = Automatic;
				CURRENT_PROJECT_VERSION = 1;
				DEVELOPMENT_TEAM = 8H7RHH924X;
				GENERATE_INFOPLIST_FILE = YES;
				MARKETING_VERSION = 1.0;
				PRODUCT_BUNDLE_IDENTIFIER = "io.github.mad-p.MacTcodeUITests";
				PRODUCT_NAME = "$(TARGET_NAME)";
				SWIFT_EMIT_LOC_STRINGS = NO;
				SWIFT_VERSION = 5.0;
				TEST_TARGET_NAME = MacTcode;
			};
			name = Debug;
		};
		9D8C8DE12C01ACF1003D8A43 /* Release */ = {
			isa = XCBuildConfiguration;
			buildSettings = {
				ALWAYS_EMBED_SWIFT_STANDARD_LIBRARIES = YES;
				CODE_SIGN_STYLE = Automatic;
				CURRENT_PROJECT_VERSION = 1;
				DEVELOPMENT_TEAM = 8H7RHH924X;
				GENERATE_INFOPLIST_FILE = YES;
				MARKETING_VERSION = 1.0;
				PRODUCT_BUNDLE_IDENTIFIER = "io.github.mad-p.MacTcodeUITests";
				PRODUCT_NAME = "$(TARGET_NAME)";
				SWIFT_EMIT_LOC_STRINGS = NO;
				SWIFT_VERSION = 5.0;
				TEST_TARGET_NAME = MacTcode;
			};
			name = Release;
		};
/* End XCBuildConfiguration section */

/* Begin XCConfigurationList section */
		9D8C8DAF2C01ACEE003D8A43 /* Build configuration list for PBXProject "MacTcode" */ = {
			isa = XCConfigurationList;
			buildConfigurations = (
				9D8C8DD72C01ACF1003D8A43 /* Debug */,
				9D8C8DD82C01ACF1003D8A43 /* Release */,
			);
			defaultConfigurationIsVisible = 0;
			defaultConfigurationName = Release;
		};
		9D8C8DD92C01ACF1003D8A43 /* Build configuration list for PBXNativeTarget "MacTcode" */ = {
			isa = XCConfigurationList;
			buildConfigurations = (
				9D8C8DDA2C01ACF1003D8A43 /* Debug */,
				9D8C8DDB2C01ACF1003D8A43 /* Release */,
			);
			defaultConfigurationIsVisible = 0;
			defaultConfigurationName = Release;
		};
		9D8C8DDC2C01ACF1003D8A43 /* Build configuration list for PBXNativeTarget "MacTcodeTests" */ = {
			isa = XCConfigurationList;
			buildConfigurations = (
				9D8C8DDD2C01ACF1003D8A43 /* Debug */,
				9D8C8DDE2C01ACF1003D8A43 /* Release */,
			);
			defaultConfigurationIsVisible = 0;
			defaultConfigurationName = Release;
		};
		9D8C8DDF2C01ACF1003D8A43 /* Build configuration list for PBXNativeTarget "MacTcodeUITests" */ = {
			isa = XCConfigurationList;
			buildConfigurations = (
				9D8C8DE02C01ACF1003D8A43 /* Debug */,
				9D8C8DE12C01ACF1003D8A43 /* Release */,
			);
			defaultConfigurationIsVisible = 0;
			defaultConfigurationName = Release;
		};
/* End XCConfigurationList section */
	};
	rootObject = 9D8C8DAC2C01ACEE003D8A43 /* Project object */;
}
